# @generated - this file is auto-generated by `mise lock` https://mise.jdx.dev/dev-tools/mise-lock.html

[[tools."aqua:EmbarkStudios/cargo-deny"]]
version = "0.20.2"
backend = "aqua:EmbarkStudios/cargo-deny"

[tools."aqua:EmbarkStudios/cargo-deny"."platforms.linux-x64"]
checksum = "sha256:9f12ed4c49936e09b48bf862b595cde2fe64fcbd9d74dfacac6131ca824c8d5f"
url = "https://github.com/EmbarkStudios/cargo-deny/releases/download/0.20.2/cargo-deny-0.20.2-x86_64-unknown-linux-musl.tar.gz"
url_api = "https://api.github.com/repos/EmbarkStudios/cargo-deny/releases/assets/471598214"

[[tools."cargo:cargo-audit"]]
version = "0.22.2"
backend = "cargo:cargo-audit"

[[tools."cargo:cargo-cyclonedx"]]
version = "0.5.9"
backend = "cargo:cargo-cyclonedx"

[[tools."cargo:cargo-sweep"]]
version = "0.8.0"
backend = "cargo:cargo-sweep"

[[tools.claude]]
version = "2.1.270"
backend = "aqua:anthropics/claude-code"

[tools.claude."platforms.linux-x64"]
checksum = "sha256:b069b327de3ad6c8cda70886675da46fb213797ac99a367df384e2202b37e0b7"
url = "https://github.com/anthropics/claude-code/releases/download/v2.1.270/claude-linux-x64.tar.gz"
url_api = "https://api.github.com/repos/anthropics/claude-code/releases/assets/559771973"

[[tools.cocogitto]]
version = "7.0.0"
backend = "aqua:cocogitto/cocogitto"

[tools.cocogitto."platforms.linux-x64"]
checksum = "sha256:e03938ff2c4c86d71c00c0f3284dbbe95c5ca76fe34a51f33e945c23010d59bb"
url = "https://github.com/cocogitto/cocogitto/releases/download/7.0.0/cocogitto-7.0.0-x86_64-unknown-linux-musl.tar.gz"
url_api = "https://api.github.com/repos/cocogitto/cocogitto/releases/assets/366659350"

[[tools."github:mlab-sh/mlab-cli"]]
version = "1.0.4"
backend = "github:mlab-sh/mlab-cli"

[tools."github:mlab-sh/mlab-cli"."platforms.linux-x64"]
checksum = "sha256:097a0c6d735076eb7f0dcd1cc949fb3fb8c25f68446e83fc6cdf2ef056af766f"
url = "https://github.com/mlab-sh/mlab-cli/releases/download/v1.0.4/mlab-1.0.4-x86_64-unknown-linux-gnu.tar.gz"
url_api = "https://api.github.com/repos/mlab-sh/mlab-cli/releases/assets/547198585"

[[tools."github:mlab-sh/postmortem"]]
version = "2.4.0"
backend = "github:mlab-sh/postmortem"

[tools."github:mlab-sh/postmortem"."platforms.linux-x64"]
checksum = "sha256:63f16a0368eb40ed751b6d0a9e93b02b93ef124bdc3b81957dcf5bae27e61672"
url = "https://github.com/mlab-sh/postmortem/releases/download/v2.4.0/postmortem-2.4.0-x86_64-unknown-linux-gnu.tar.gz"
url_api = "https://api.github.com/repos/mlab-sh/postmortem/releases/assets/552826290"

[[tools."github:rustfs/cli"]]
version = "0.1.35"
backend = "github:rustfs/cli"

[tools."github:rustfs/cli"."platforms.linux-x64"]
checksum = "sha256:9187c683b41d9f71f3dbe59b1c483fa9010de63a2c3596aee3d93617111b4cda"
url = "https://github.com/rustfs/cli/releases/download/v0.1.35/rustfs-cli-linux-amd64-gnu-v0.1.35.tar.gz"
url_api = "https://api.github.com/repos/rustfs/cli/releases/assets/555110563"

[[tools.gitleaks]]
version = "8.30.1"
backend = "aqua:gitleaks/gitleaks"

[tools.gitleaks."platforms.linux-x64"]
checksum = "sha256:551f6fc83ea457d62a0d98237cbad105af8d557003051f41f3e7ca7b3f2470eb"
url = "https://github.com/gitleaks/gitleaks/releases/download/v8.30.1/gitleaks_8.30.1_linux_x64.tar.gz"
url_api = "https://api.github.com/repos/gitleaks/gitleaks/releases/assets/378332058"

[[tools.go]]
version = "1.27.1"
backend = "core:go"

[tools.go."platforms.linux-x64"]
checksum = "sha256:63d339f0da5ab53635a56f2490a7984dfe12dfcff22ad749f63edaf590168445"
url = "https://dl.google.com/go/go1.27.1.linux-amd64.tar.gz"

[[tools.helm]]
version = "4.3.0"
backend = "aqua:helm/helm"

[tools.helm."platforms.linux-x64"]
checksum = "sha256:86584a54def73570558f66f5111cc53dfed56689637ae32c1201205d494f54fb"
url = "https://get.helm.sh/helm-v4.3.0-linux-amd64.tar.gz"

[[tools.helm-docs]]
version = "1.14.2"
backend = "aqua:norwoodj/helm-docs"

[tools.helm-docs."platforms.linux-x64"]
checksum = "sha256:a8cf72ada34fad93285ba2a452b38bdc5bd52cc9a571236244ec31022928d6cc"
url = "https://github.com/norwoodj/helm-docs/releases/download/v1.14.2/helm-docs_1.14.2_Linux_x86_64.tar.gz"
url_api = "https://api.github.com/repos/norwoodj/helm-docs/releases/assets/178327210"

[[tools.k6]]
version = "2.2.0"
backend = "aqua:grafana/k6"

[tools.k6."platforms.linux-x64"]
checksum = "sha256:b5a8003c86f35f5cd5ceef1490312c48e587696c94d998cefc6d7b3b4cb1597d"
url = "https://github.com/grafana/k6/releases/download/v2.2.0/k6-v2.2.0-linux-amd64.tar.gz"
url_api = "https://api.github.com/repos/grafana/k6/releases/assets/508824467"

[[tools.lazydocker]]
version = "0.25.2"
backend = "aqua:jesseduffield/lazydocker"

[tools.lazydocker."platforms.linux-x64"]
checksum = "sha256:0d9dbfc26068b218e7ed84b104748cadc6e3cf733c0afd35465306fb39b9523c"
url = "https://github.com/jesseduffield/lazydocker/releases/download/v0.25.2/lazydocker_0.25.2_Linux_x86_64.tar.gz"
url_api = "https://api.github.com/repos/jesseduffield/lazydocker/releases/assets/399711577"

[[tools.node]]
version = "24.21.0"
backend = "core:node"

[tools.node."platforms.linux-x64"]
checksum = "sha256:6e1db87ef58b8819e5d5402eff1536491b18edd8eb7bee5ef7897876e88dc5ff"
url = "https://nodejs.org/dist/v24.21.0/node-v24.21.0-linux-x64.tar.gz"

[[tools.pnpm]]
version = "11.27.0"
backend = "aqua:pnpm/pnpm"

[tools.pnpm."platforms.linux-x64"]
checksum = "sha256:14ed04e631e4563abf3570dda1a365316683149a482b741a2db37e495f6b9cdb"
url = "https://github.com/pnpm/pnpm/releases/download/v11.27.0/pnpm-linux-x64.tar.gz"
url_api = "https://api.github.com/repos/pnpm/pnpm/releases/assets/559064655"
provenance = "github-attestations"

[[tools.python]]
version = "3.14.7"
backend = "core:python"

[tools.python."platforms.linux-x64"]
checksum = "blake3:48291078406921f1f6259e6f54693986336c9b15cd81352a99277063ab8c4ea0"
url = "https://github.com/astral-sh/python-build-standalone/releases/download/20260825/cpython-3.14.7+20260825-x86_64-unknown-linux-gnu-install_only_stripped.tar.gz"
provenance = "github-attestations"

[[tools.rust]]
version = "1.98.1"
backend = "core:rust"

[[tools.semgrep]]
version = "1.177.0"
backend = "pipx:semgrep"

[[tools.sonar-scanner-cli]]
version = "8.1.0.6389"
backend = "aqua:SonarSource/sonar-scanner-cli"

[tools.sonar-scanner-cli."platforms.linux-x64"]
url = "https://binaries.sonarsource.com/Distribution/sonar-scanner-cli/sonar-scanner-cli-8.1.0.6389-linux-x64.zip"

[[tools.syft]]
version = "1.51.1"
backend = "aqua:anchore/syft"

[tools.syft."platforms.linux-x64"]
checksum = "sha256:8fcb33017a0dc1058298c923c436d19dfa68ae93968e0b423248542e3afb9fc3"
url = "https://github.com/anchore/syft/releases/download/v1.51.1/syft_1.51.1_linux_amd64.tar.gz"
url_api = "https://api.github.com/repos/anchore/syft/releases/assets/532610151"

[[tools.task]]
version = "3.53.1"
backend = "aqua:go-task/task"

[tools.task."platforms.linux-x64"]
checksum = "sha256:a54a408f6861ff921f6e87774180db31bacd8c1e7c944ca696db9fea49a82fc7"
url = "https://github.com/go-task/task/releases/download/v3.53.1/task_linux_amd64.tar.gz"
url_api = "https://api.github.com/repos/go-task/task/releases/assets/519645449"

[[tools.trivy]]
version = "0.74.0"
backend = "aqua:aquasecurity/trivy"

[tools.trivy."platforms.linux-x64"]
checksum = "sha256:2ae6fe3ee734b7fdf11335663e18c75ea12dccc76062f09f164a3b0f8be4371a"
url = "https://github.com/aquasecurity/trivy/releases/download/v0.74.0/trivy_0.74.0_Linux-64bit.tar.gz"
url_api = "https://api.github.com/repos/aquasecurity/trivy/releases/assets/514339431"
provenance = "cosign"

[[tools.uv]]
version = "0.12.13"
backend = "aqua:astral-sh/uv"

[tools.uv."platforms.linux-x64"]
checksum = "sha256:745765a3b6e360ad76743599ae5c42e9278c7edf8bbff9fc76d05bf2623a04dd"
url = "https://github.com/astral-sh/uv/releases/download/0.12.13/uv-x86_64-unknown-linux-gnu.tar.gz"
url_api = "https://api.github.com/repos/astral-sh/uv/releases/assets/555670375"
provenance = "github-attestations"
